
Microsoft Visual Studio Solution File, Format Version 12.00
# Visual Studio Version 17
VisualStudioVersion = 17.2.32526.322
MinimumVisualStudioVersion = 10.0.40219.1
Project("{2150E333-8FDC-42A3-9474-1A3956D46DE8}") = "src", "src", "{935F5C25-9ACE-42B2-9FD3-BAE7B95CB7E1}"
EndProject
Project("{2150E333-8FDC-42A3-9474-1A3956D46DE8}") = "test", "test", "{DD2F0E91-C8EE-4E3E-ABCB-A8E02C863362}"
EndProject
Project("{2150E333-8FDC-42A3-9474-1A3956D46DE8}") = "API", "API", "{A9348DBC-FEDF-44FC-8C55-67430918F41D}"
EndProject
Project("{2150E333-8FDC-42A3-9474-1A3956D46DE8}") = "Core", "Core", "{B0F72D53-BDB0-4811-B013-C54CFA99A842}"
EndProject
Project("{2150E333-8FDC-42A3-9474-1A3956D46DE8}") = "UI", "UI", "{9483219F-579E-4145-926A-4FDDFA18AEF6}"
EndProject
Project("{2150E333-8FDC-42A3-9474-1A3956D46DE8}") = "Infrastructure", "Infrastructure", "{DDCE8B5A-4975-4BAD-A6ED-1A8B02A18586}"
EndProject
Project("{9A19103F-16F7-4668-BE54-9A1E7A4F7556}") = "Application", "Application\Application.csproj", "{485696B7-1C20-41E7-B7D7-E8AA352F111D}"
EndProject
Project("{9A19103F-16F7-4668-BE54-9A1E7A4F7556}") = "Domain", "Domain\Domain.csproj", "{DD30ED11-B0F6-4826-88A7-6493C160F3AC}"
EndProject
Project("{9A19103F-16F7-4668-BE54-9A1E7A4F7556}") = "Identity", "Identity\Identity.csproj", "{993D7222-847C-4883-B9E3-821A0EBDC916}"
EndProject
Project("{9A19103F-16F7-4668-BE54-9A1E7A4F7556}") = "Infrastructure", "Infrastructure\Infrastructure.csproj", "{2B829BEC-DFB1-4F69-A4CD-5DEE6F480486}"
EndProject
Project("{9A19103F-16F7-4668-BE54-9A1E7A4F7556}") = "Persistence", "Persistence\Persistence.csproj", "{ECBDAABA-6845-4B31-A951-EF7F16512CC8}"
EndProject
Project("{9A19103F-16F7-4668-BE54-9A1E7A4F7556}") = "Api", "Api\Api.csproj", "{75F7F8A4-05BE-4BC7-BFEA-DCE5928F010B}"
EndProject
Global
	GlobalSection(SolutionConfigurationPlatforms) = preSolution
		Debug|Any CPU = Debug|Any CPU
		Release|Any CPU = Release|Any CPU
	EndGlobalSection
	GlobalSection(ProjectConfigurationPlatforms) = postSolution
		{485696B7-1C20-41E7-B7D7-E8AA352F111D}.Debug|Any CPU.ActiveCfg = Debug|Any CPU
		{485696B7-1C20-41E7-B7D7-E8AA352F111D}.Debug|Any CPU.Build.0 = Debug|Any CPU
		{485696B7-1C20-41E7-B7D7-E8AA352F111D}.Release|Any CPU.ActiveCfg = Release|Any CPU
		{485696B7-1C20-41E7-B7D7-E8AA352F111D}.Release|Any CPU.Build.0 = Release|Any CPU
		{DD30ED11-B0F6-4826-88A7-6493C160F3AC}.Debug|Any CPU.ActiveCfg = Debug|Any CPU
		{DD30ED11-B0F6-4826-88A7-6493C160F3AC}.Debug|Any CPU.Build.0 = Debug|Any CPU
		{DD30ED11-B0F6-4826-88A7-6493C160F3AC}.Release|Any CPU.ActiveCfg = Release|Any CPU
		{DD30ED11-B0F6-4826-88A7-6493C160F3AC}.Release|Any CPU.Build.0 = Release|Any CPU
		{993D7222-847C-4883-B9E3-821A0EBDC916}.Debug|Any CPU.ActiveCfg = Debug|Any CPU
		{993D7222-847C-4883-B9E3-821A0EBDC916}.Debug|Any CPU.Build.0 = Debug|Any CPU
		{993D7222-847C-4883-B9E3-821A0EBDC916}.Release|Any CPU.ActiveCfg = Release|Any CPU
		{993D7222-847C-4883-B9E3-821A0EBDC916}.Release|Any CPU.Build.0 = Release|Any CPU
		{2B829BEC-DFB1-4F69-A4CD-5DEE6F480486}.Debug|Any CPU.ActiveCfg = Debug|Any CPU
		{2B829BEC-DFB1-4F69-A4CD-5DEE6F480486}.Debug|Any CPU.Build.0 = Debug|Any CPU
		{2B829BEC-DFB1-4F69-A4CD-5DEE6F480486}.Release|Any CPU.ActiveCfg = Release|Any CPU
		{2B829BEC-DFB1-4F69-A4CD-5DEE6F480486}.Release|Any CPU.Build.0 = Release|Any CPU
		{ECBDAABA-6845-4B31-A951-EF7F16512CC8}.Debug|Any CPU.ActiveCfg = Debug|Any CPU
		{ECBDAABA-6845-4B31-A951-EF7F16512CC8}.Debug|Any CPU.Build.0 = Debug|Any CPU
		{ECBDAABA-6845-4B31-A951-EF7F16512CC8}.Release|Any CPU.ActiveCfg = Release|Any CPU
		{ECBDAABA-6845-4B31-A951-EF7F16512CC8}.Release|Any CPU.Build.0 = Release|Any CPU
		{75F7F8A4-05BE-4BC7-BFEA-DCE5928F010B}.Debug|Any CPU.ActiveCfg = Debug|Any CPU
		{75F7F8A4-05BE-4BC7-BFEA-DCE5928F010B}.Debug|Any CPU.Build.0 = Debug|Any CPU
		{75F7F8A4-05BE-4BC7-BFEA-DCE5928F010B}.Release|Any CPU.ActiveCfg = Release|Any CPU
		{75F7F8A4-05BE-4BC7-BFEA-DCE5928F010B}.Release|Any CPU.Build.0 = Release|Any CPU
	EndGlobalSection
	GlobalSection(SolutionProperties) = preSolution
		HideSolutionNode = FALSE
	EndGlobalSection
	GlobalSection(NestedProjects) = preSolution
		{A9348DBC-FEDF-44FC-8C55-67430918F41D} = {935F5C25-9ACE-42B2-9FD3-BAE7B95CB7E1}
		{B0F72D53-BDB0-4811-B013-C54CFA99A842} = {935F5C25-9ACE-42B2-9FD3-BAE7B95CB7E1}
		{9483219F-579E-4145-926A-4FDDFA18AEF6} = {935F5C25-9ACE-42B2-9FD3-BAE7B95CB7E1}
		{DDCE8B5A-4975-4BAD-A6ED-1A8B02A18586} = {935F5C25-9ACE-42B2-9FD3-BAE7B95CB7E1}
		{485696B7-1C20-41E7-B7D7-E8AA352F111D} = {B0F72D53-BDB0-4811-B013-C54CFA99A842}
		{DD30ED11-B0F6-4826-88A7-6493C160F3AC} = {B0F72D53-BDB0-4811-B013-C54CFA99A842}
		{993D7222-847C-4883-B9E3-821A0EBDC916} = {DDCE8B5A-4975-4BAD-A6ED-1A8B02A18586}
		{2B829BEC-DFB1-4F69-A4CD-5DEE6F480486} = {DDCE8B5A-4975-4BAD-A6ED-1A8B02A18586}
		{ECBDAABA-6845-4B31-A951-EF7F16512CC8} = {DDCE8B5A-4975-4BAD-A6ED-1A8B02A18586}
		{75F7F8A4-05BE-4BC7-BFEA-DCE5928F010B} = {A9348DBC-FEDF-44FC-8C55-67430918F41D}
	EndGlobalSection
	GlobalSection(ExtensibilityGlobals) = postSolution
		SolutionGuid = {17E31B8A-E2F7-4E4E-AADA-FE6A6600D17B}
	EndGlobalSection
EndGlobal
